
Microsoft Visual Studio Solution File, Format Version 11.00
# Visual Studio 2010
Project("{8BC9CEB8-8B4A-11D0-8D11-00A0C91BC942}") = "ObjectDll", "ObjectDll\ObjectDll.vcxproj", "{D0BB1924-E82A-4FA1-8DB2-3D6471069923}"
EndProject
Project("{8BC9CEB8-8B4A-11D0-8D11-00A0C91BC942}") = "ObjectDllTest_Static", "ObjectDllTest_Static\ObjectDllTest_Static.vcxproj", "{F92711C7-D2C1-4E4F-900F-F8CF91D2E7E1}"
EndProject
Project("{8BC9CEB8-8B4A-11D0-8D11-00A0C91BC942}") = "ObjectDllTest_Dynamic", "ObjectDllTest_Dynamic\ObjectDllTest_Dynamic.vcxproj", "{36752DBB-7C5E-408B-946A-346073309BE6}"
EndProject
Project("{FAE04EC0-301F-11D3-BF4B-00C04F79EFBC}") = "ObjectDllTest_CSharp", "ObjectDllTest_CSharp\ObjectDllTest_CSharp.csproj", "{02E47765-E25F-4921-8197-C8D59398B1A1}"
	ProjectSection(ProjectDependencies) = postProject
		{D0BB1924-E82A-4FA1-8DB2-3D6471069923} = {D0BB1924-E82A-4FA1-8DB2-3D6471069923}
	EndProjectSection
EndProject
Project("{8BC9CEB8-8B4A-11D0-8D11-00A0C91BC942}") = "ObjectNet", "ObjectNet\ObjectNet.vcxproj", "{9E0868B4-780C-4B9C-83D4-6F5A906D2DCF}"
EndProject
Project("{FAE04EC0-301F-11D3-BF4B-00C04F79EFBC}") = "ObjectNetTest_CSharp", "ObjectNetTest_CSharp\ObjectNetTest_CSharp.csproj", "{B1663496-A89E-4B90-A455-71831756502A}"
EndProject
Project("{8BC9CEB8-8B4A-11D0-8D11-00A0C91BC942}") = "ObjectJni", "ObjectJni\ObjectJni.vcxproj", "{577AD130-DFC6-4C76-813E-00EF48AAB497}"
EndProject
Project("{FAE04EC0-301F-11D3-BF4B-00C04F79EFBC}") = "ObjectComTest_CSharp", "ObjectComTest_CSharp\ObjectComTest_CSharp.csproj", "{1C53BA81-4B4F-4310-8F66-383D3EB5C6D5}"
	ProjectSection(ProjectDependencies) = postProject
		{B98051B7-498C-4311-9683-55FAA5176A8F} = {B98051B7-498C-4311-9683-55FAA5176A8F}
	EndProjectSection
EndProject
Project("{8BC9CEB8-8B4A-11D0-8D11-00A0C91BC942}") = "ObjectComTest_Dynamic", "ObjectComTest_Dynamic\ObjectComTest_Dynamic.vcxproj", "{94BCBAA1-D8BE-4A23-B569-41D8A9269970}"
	ProjectSection(ProjectDependencies) = postProject
		{B98051B7-498C-4311-9683-55FAA5176A8F} = {B98051B7-498C-4311-9683-55FAA5176A8F}
	EndProjectSection
EndProject
Project("{8BC9CEB8-8B4A-11D0-8D11-00A0C91BC942}") = "ObjectComTest_Static", "ObjectComTest_Static\ObjectComTest_Static.vcxproj", "{DD015CF4-78EB-482B-8CD0-7386F76A3E65}"
	ProjectSection(ProjectDependencies) = postProject
		{B98051B7-498C-4311-9683-55FAA5176A8F} = {B98051B7-498C-4311-9683-55FAA5176A8F}
	EndProjectSection
EndProject
Project("{8BC9CEB8-8B4A-11D0-8D11-00A0C91BC942}") = "ObjectCom", "ObjectCom\ObjectCom.vcxproj", "{B98051B7-498C-4311-9683-55FAA5176A8F}"
	ProjectSection(ProjectDependencies) = postProject
		{D0BB1924-E82A-4FA1-8DB2-3D6471069923} = {D0BB1924-E82A-4FA1-8DB2-3D6471069923}
	EndProjectSection
EndProject
Project("{8BC9CEB8-8B4A-11D0-8D11-00A0C91BC942}") = "ObjectComPS", "ObjectCom\ObjectComPS.vcxproj", "{5220AC25-92B7-43FF-8223-9F6A90990034}"
	ProjectSection(ProjectDependencies) = postProject
		{B98051B7-498C-4311-9683-55FAA5176A8F} = {B98051B7-498C-4311-9683-55FAA5176A8F}
	EndProjectSection
EndProject
Project("{54435603-DBB4-11D2-8724-00A0C9A8B90C}") = "ObjectSetup", "ObjectSetup\ObjectSetup.vdproj", "{20650C79-280E-447F-A40E-1D7704096C62}"
EndProject
Project("{2150E333-8FDC-42A3-9474-1A3956D46DE8}") = "ObjectTest", "ObjectTest", "{338C00CD-28C2-4FEB-A68B-D56B8523CE2E}"
	ProjectSection(SolutionItems) = preProject
		Release\ObjectAllTest_XInterface.bat = Release\ObjectAllTest_XInterface.bat
		Release\ObjectDllTest_Python.bat = Release\ObjectDllTest_Python.bat
	EndProjectSection
EndProject
Global
	GlobalSection(SolutionConfigurationPlatforms) = preSolution
		Debug|Mixed Platforms = Debug|Mixed Platforms
		Debug|Win32 = Debug|Win32
		Debug|x86 = Debug|x86
		Release|Mixed Platforms = Release|Mixed Platforms
		Release|Win32 = Release|Win32
		Release|x86 = Release|x86
	EndGlobalSection
	GlobalSection(ProjectConfigurationPlatforms) = postSolution
		{D0BB1924-E82A-4FA1-8DB2-3D6471069923}.Debug|Mixed Platforms.ActiveCfg = Debug|Win32
		{D0BB1924-E82A-4FA1-8DB2-3D6471069923}.Debug|Mixed Platforms.Build.0 = Debug|Win32
		{D0BB1924-E82A-4FA1-8DB2-3D6471069923}.Debug|Win32.ActiveCfg = Debug|Win32
		{D0BB1924-E82A-4FA1-8DB2-3D6471069923}.Debug|Win32.Build.0 = Debug|Win32
		{D0BB1924-E82A-4FA1-8DB2-3D6471069923}.Debug|x86.ActiveCfg = Debug|Win32
		{D0BB1924-E82A-4FA1-8DB2-3D6471069923}.Release|Mixed Platforms.ActiveCfg = Release|Win32
		{D0BB1924-E82A-4FA1-8DB2-3D6471069923}.Release|Mixed Platforms.Build.0 = Release|Win32
		{D0BB1924-E82A-4FA1-8DB2-3D6471069923}.Release|Win32.ActiveCfg = Release|Win32
		{D0BB1924-E82A-4FA1-8DB2-3D6471069923}.Release|Win32.Build.0 = Release|Win32
		{D0BB1924-E82A-4FA1-8DB2-3D6471069923}.Release|x86.ActiveCfg = Release|Win32
		{F92711C7-D2C1-4E4F-900F-F8CF91D2E7E1}.Debug|Mixed Platforms.ActiveCfg = Debug|Win32
		{F92711C7-D2C1-4E4F-900F-F8CF91D2E7E1}.Debug|Mixed Platforms.Build.0 = Debug|Win32
		{F92711C7-D2C1-4E4F-900F-F8CF91D2E7E1}.Debug|Win32.ActiveCfg = Debug|Win32
		{F92711C7-D2C1-4E4F-900F-F8CF91D2E7E1}.Debug|Win32.Build.0 = Debug|Win32
		{F92711C7-D2C1-4E4F-900F-F8CF91D2E7E1}.Debug|x86.ActiveCfg = Debug|Win32
		{F92711C7-D2C1-4E4F-900F-F8CF91D2E7E1}.Release|Mixed Platforms.ActiveCfg = Release|Win32
		{F92711C7-D2C1-4E4F-900F-F8CF91D2E7E1}.Release|Mixed Platforms.Build.0 = Release|Win32
		{F92711C7-D2C1-4E4F-900F-F8CF91D2E7E1}.Release|Win32.ActiveCfg = Release|Win32
		{F92711C7-D2C1-4E4F-900F-F8CF91D2E7E1}.Release|Win32.Build.0 = Release|Win32
		{F92711C7-D2C1-4E4F-900F-F8CF91D2E7E1}.Release|x86.ActiveCfg = Release|Win32
		{36752DBB-7C5E-408B-946A-346073309BE6}.Debug|Mixed Platforms.ActiveCfg = Debug|Win32
		{36752DBB-7C5E-408B-946A-346073309BE6}.Debug|Mixed Platforms.Build.0 = Debug|Win32
		{36752DBB-7C5E-408B-946A-346073309BE6}.Debug|Win32.ActiveCfg = Debug|Win32
		{36752DBB-7C5E-408B-946A-346073309BE6}.Debug|Win32.Build.0 = Debug|Win32
		{36752DBB-7C5E-408B-946A-346073309BE6}.Debug|x86.ActiveCfg = Debug|Win32
		{36752DBB-7C5E-408B-946A-346073309BE6}.Release|Mixed Platforms.ActiveCfg = Release|Win32
		{36752DBB-7C5E-408B-946A-346073309BE6}.Release|Mixed Platforms.Build.0 = Release|Win32
		{36752DBB-7C5E-408B-946A-346073309BE6}.Release|Win32.ActiveCfg = Release|Win32
		{36752DBB-7C5E-408B-946A-346073309BE6}.Release|Win32.Build.0 = Release|Win32
		{36752DBB-7C5E-408B-946A-346073309BE6}.Release|x86.ActiveCfg = Release|Win32
		{02E47765-E25F-4921-8197-C8D59398B1A1}.Debug|Mixed Platforms.ActiveCfg = Debug|x86
		{02E47765-E25F-4921-8197-C8D59398B1A1}.Debug|Mixed Platforms.Build.0 = Debug|x86
		{02E47765-E25F-4921-8197-C8D59398B1A1}.Debug|Win32.ActiveCfg = Debug|x86
		{02E47765-E25F-4921-8197-C8D59398B1A1}.Debug|x86.ActiveCfg = Debug|x86
		{02E47765-E25F-4921-8197-C8D59398B1A1}.Debug|x86.Build.0 = Debug|x86
		{02E47765-E25F-4921-8197-C8D59398B1A1}.Release|Mixed Platforms.ActiveCfg = Release|x86
		{02E47765-E25F-4921-8197-C8D59398B1A1}.Release|Mixed Platforms.Build.0 = Release|x86
		{02E47765-E25F-4921-8197-C8D59398B1A1}.Release|Win32.ActiveCfg = Release|x86
		{02E47765-E25F-4921-8197-C8D59398B1A1}.Release|x86.ActiveCfg = Release|x86
		{02E47765-E25F-4921-8197-C8D59398B1A1}.Release|x86.Build.0 = Release|x86
		{9E0868B4-780C-4B9C-83D4-6F5A906D2DCF}.Debug|Mixed Platforms.ActiveCfg = Debug|Win32
		{9E0868B4-780C-4B9C-83D4-6F5A906D2DCF}.Debug|Mixed Platforms.Build.0 = Debug|Win32
		{9E0868B4-780C-4B9C-83D4-6F5A906D2DCF}.Debug|Win32.ActiveCfg = Debug|Win32
		{9E0868B4-780C-4B9C-83D4-6F5A906D2DCF}.Debug|Win32.Build.0 = Debug|Win32
		{9E0868B4-780C-4B9C-83D4-6F5A906D2DCF}.Debug|x86.ActiveCfg = Debug|Win32
		{9E0868B4-780C-4B9C-83D4-6F5A906D2DCF}.Release|Mixed Platforms.ActiveCfg = Release|Win32
		{9E0868B4-780C-4B9C-83D4-6F5A906D2DCF}.Release|Mixed Platforms.Build.0 = Release|Win32
		{9E0868B4-780C-4B9C-83D4-6F5A906D2DCF}.Release|Win32.ActiveCfg = Release|Win32
		{9E0868B4-780C-4B9C-83D4-6F5A906D2DCF}.Release|Win32.Build.0 = Release|Win32
		{9E0868B4-780C-4B9C-83D4-6F5A906D2DCF}.Release|x86.ActiveCfg = Release|Win32
		{B1663496-A89E-4B90-A455-71831756502A}.Debug|Mixed Platforms.ActiveCfg = Debug|x86
		{B1663496-A89E-4B90-A455-71831756502A}.Debug|Mixed Platforms.Build.0 = Debug|x86
		{B1663496-A89E-4B90-A455-71831756502A}.Debug|Win32.ActiveCfg = Debug|x86
		{B1663496-A89E-4B90-A455-71831756502A}.Debug|x86.ActiveCfg = Debug|x86
		{B1663496-A89E-4B90-A455-71831756502A}.Debug|x86.Build.0 = Debug|x86
		{B1663496-A89E-4B90-A455-71831756502A}.Release|Mixed Platforms.ActiveCfg = Release|x86
		{B1663496-A89E-4B90-A455-71831756502A}.Release|Mixed Platforms.Build.0 = Release|x86
		{B1663496-A89E-4B90-A455-71831756502A}.Release|Win32.ActiveCfg = Release|x86
		{B1663496-A89E-4B90-A455-71831756502A}.Release|x86.ActiveCfg = Release|x86
		{B1663496-A89E-4B90-A455-71831756502A}.Release|x86.Build.0 = Release|x86
		{577AD130-DFC6-4C76-813E-00EF48AAB497}.Debug|Mixed Platforms.ActiveCfg = Debug|Win32
		{577AD130-DFC6-4C76-813E-00EF48AAB497}.Debug|Mixed Platforms.Build.0 = Debug|Win32
		{577AD130-DFC6-4C76-813E-00EF48AAB497}.Debug|Win32.ActiveCfg = Debug|Win32
		{577AD130-DFC6-4C76-813E-00EF48AAB497}.Debug|Win32.Build.0 = Debug|Win32
		{577AD130-DFC6-4C76-813E-00EF48AAB497}.Debug|x86.ActiveCfg = Debug|Win32
		{577AD130-DFC6-4C76-813E-00EF48AAB497}.Release|Mixed Platforms.ActiveCfg = Release|Win32
		{577AD130-DFC6-4C76-813E-00EF48AAB497}.Release|Mixed Platforms.Build.0 = Release|Win32
		{577AD130-DFC6-4C76-813E-00EF48AAB497}.Release|Win32.ActiveCfg = Release|Win32
		{577AD130-DFC6-4C76-813E-00EF48AAB497}.Release|Win32.Build.0 = Release|Win32
		{577AD130-DFC6-4C76-813E-00EF48AAB497}.Release|x86.ActiveCfg = Release|Win32
		{1C53BA81-4B4F-4310-8F66-383D3EB5C6D5}.Debug|Mixed Platforms.ActiveCfg = Debug|Any CPU
		{1C53BA81-4B4F-4310-8F66-383D3EB5C6D5}.Debug|Mixed Platforms.Build.0 = Debug|Any CPU
		{1C53BA81-4B4F-4310-8F66-383D3EB5C6D5}.Debug|Win32.ActiveCfg = Debug|Any CPU
		{1C53BA81-4B4F-4310-8F66-383D3EB5C6D5}.Debug|x86.ActiveCfg = Debug|Any CPU
		{1C53BA81-4B4F-4310-8F66-383D3EB5C6D5}.Release|Mixed Platforms.ActiveCfg = Release|Any CPU
		{1C53BA81-4B4F-4310-8F66-383D3EB5C6D5}.Release|Mixed Platforms.Build.0 = Release|Any CPU
		{1C53BA81-4B4F-4310-8F66-383D3EB5C6D5}.Release|Win32.ActiveCfg = Release|Any CPU
		{1C53BA81-4B4F-4310-8F66-383D3EB5C6D5}.Release|x86.ActiveCfg = Release|Any CPU
		{94BCBAA1-D8BE-4A23-B569-41D8A9269970}.Debug|Mixed Platforms.ActiveCfg = Debug|Win32
		{94BCBAA1-D8BE-4A23-B569-41D8A9269970}.Debug|Mixed Platforms.Build.0 = Debug|Win32
		{94BCBAA1-D8BE-4A23-B569-41D8A9269970}.Debug|Win32.ActiveCfg = Debug|Win32
		{94BCBAA1-D8BE-4A23-B569-41D8A9269970}.Debug|Win32.Build.0 = Debug|Win32
		{94BCBAA1-D8BE-4A23-B569-41D8A9269970}.Debug|x86.ActiveCfg = Debug|Win32
		{94BCBAA1-D8BE-4A23-B569-41D8A9269970}.Release|Mixed Platforms.ActiveCfg = Release|Win32
		{94BCBAA1-D8BE-4A23-B569-41D8A9269970}.Release|Mixed Platforms.Build.0 = Release|Win32
		{94BCBAA1-D8BE-4A23-B569-41D8A9269970}.Release|Win32.ActiveCfg = Release|Win32
		{94BCBAA1-D8BE-4A23-B569-41D8A9269970}.Release|Win32.Build.0 = Release|Win32
		{94BCBAA1-D8BE-4A23-B569-41D8A9269970}.Release|x86.ActiveCfg = Release|Win32
		{DD015CF4-78EB-482B-8CD0-7386F76A3E65}.Debug|Mixed Platforms.ActiveCfg = Debug|Win32
		{DD015CF4-78EB-482B-8CD0-7386F76A3E65}.Debug|Mixed Platforms.Build.0 = Debug|Win32
		{DD015CF4-78EB-482B-8CD0-7386F76A3E65}.Debug|Win32.ActiveCfg = Debug|Win32
		{DD015CF4-78EB-482B-8CD0-7386F76A3E65}.Debug|Win32.Build.0 = Debug|Win32
		{DD015CF4-78EB-482B-8CD0-7386F76A3E65}.Debug|x86.ActiveCfg = Debug|Win32
		{DD015CF4-78EB-482B-8CD0-7386F76A3E65}.Release|Mixed Platforms.ActiveCfg = Release|Win32
		{DD015CF4-78EB-482B-8CD0-7386F76A3E65}.Release|Mixed Platforms.Build.0 = Release|Win32
		{DD015CF4-78EB-482B-8CD0-7386F76A3E65}.Release|Win32.ActiveCfg = Release|Win32
		{DD015CF4-78EB-482B-8CD0-7386F76A3E65}.Release|Win32.Build.0 = Release|Win32
		{DD015CF4-78EB-482B-8CD0-7386F76A3E65}.Release|x86.ActiveCfg = Release|Win32
		{B98051B7-498C-4311-9683-55FAA5176A8F}.Debug|Mixed Platforms.ActiveCfg = Debug|Win32
		{B98051B7-498C-4311-9683-55FAA5176A8F}.Debug|Mixed Platforms.Build.0 = Debug|Win32
		{B98051B7-498C-4311-9683-55FAA5176A8F}.Debug|Win32.ActiveCfg = Debug|Win32
		{B98051B7-498C-4311-9683-55FAA5176A8F}.Debug|Win32.Build.0 = Debug|Win32
		{B98051B7-498C-4311-9683-55FAA5176A8F}.Debug|x86.ActiveCfg = Debug|Win32
		{B98051B7-498C-4311-9683-55FAA5176A8F}.Release|Mixed Platforms.ActiveCfg = Release|Win32
		{B98051B7-498C-4311-9683-55FAA5176A8F}.Release|Mixed Platforms.Build.0 = Release|Win32
		{B98051B7-498C-4311-9683-55FAA5176A8F}.Release|Win32.ActiveCfg = Release|Win32
		{B98051B7-498C-4311-9683-55FAA5176A8F}.Release|Win32.Build.0 = Release|Win32
		{B98051B7-498C-4311-9683-55FAA5176A8F}.Release|x86.ActiveCfg = Release|Win32
		{5220AC25-92B7-43FF-8223-9F6A90990034}.Debug|Mixed Platforms.ActiveCfg = Debug|Win32
		{5220AC25-92B7-43FF-8223-9F6A90990034}.Debug|Mixed Platforms.Build.0 = Debug|Win32
		{5220AC25-92B7-43FF-8223-9F6A90990034}.Debug|Win32.ActiveCfg = Debug|Win32
		{5220AC25-92B7-43FF-8223-9F6A90990034}.Debug|Win32.Build.0 = Debug|Win32
		{5220AC25-92B7-43FF-8223-9F6A90990034}.Debug|x86.ActiveCfg = Debug|Win32
		{5220AC25-92B7-43FF-8223-9F6A90990034}.Release|Mixed Platforms.ActiveCfg = Release|Win32
		{5220AC25-92B7-43FF-8223-9F6A90990034}.Release|Mixed Platforms.Build.0 = Release|Win32
		{5220AC25-92B7-43FF-8223-9F6A90990034}.Release|Win32.ActiveCfg = Release|Win32
		{5220AC25-92B7-43FF-8223-9F6A90990034}.Release|Win32.Build.0 = Release|Win32
		{5220AC25-92B7-43FF-8223-9F6A90990034}.Release|x86.ActiveCfg = Release|Win32
		{20650C79-280E-447F-A40E-1D7704096C62}.Debug|Mixed Platforms.ActiveCfg = Debug
		{20650C79-280E-447F-A40E-1D7704096C62}.Debug|Win32.ActiveCfg = Debug
		{20650C79-280E-447F-A40E-1D7704096C62}.Debug|x86.ActiveCfg = Debug
		{20650C79-280E-447F-A40E-1D7704096C62}.Release|Mixed Platforms.ActiveCfg = Release
		{20650C79-280E-447F-A40E-1D7704096C62}.Release|Win32.ActiveCfg = Release
		{20650C79-280E-447F-A40E-1D7704096C62}.Release|x86.ActiveCfg = Release
	EndGlobalSection
	GlobalSection(SolutionProperties) = preSolution
		HideSolutionNode = FALSE
	EndGlobalSection
EndGlobal
